// !$*UTF8*$!
{
	archiveVersion = 1;
	classes = {
	};
	objectVersion = 46;
	objects = {

/* Begin PBXBuildFile section */
		AAB125641F67A4B500C77D6A /* main.m in Sources */ = {isa = PBXBuildFile; fileRef = AAB125631F67A4B500C77D6A /* main.m */; };
		AAB125671F67A4B500C77D6A /* AppDelegate.m in Sources */ = {isa = PBXBuildFile; fileRef = AAB125661F67A4B500C77D6A /* AppDelegate.m */; };
		AAB1256D1F67A4B500C77D6A /* Main.storyboard in Resources */ = {isa = PBXBuildFile; fileRef = AAB1256B1F67A4B500C77D6A /* Main.storyboard */; };
		AAB1256F1F67A4B500C77D6A /* Assets.xcassets in Resources */ = {isa = PBXBuildFile; fileRef = AAB1256E1F67A4B500C77D6A /* Assets.xcassets */; };
		AAB125721F67A4B500C77D6A /* LaunchScreen.storyboard in Resources */ = {isa = PBXBuildFile; fileRef = AAB125701F67A4B500C77D6A /* LaunchScreen.storyboard */; };
		AAB1257D1F67A4B500C77D6A /* ShoppingCartAnimationTests.m in Sources */ = {isa = PBXBuildFile; fileRef = AAB1257C1F67A4B500C77D6A /* ShoppingCartAnimationTests.m */; };
		AAB125881F67A4B500C77D6A /* ShoppingCartAnimationUITests.m in Sources */ = {isa = PBXBuildFile; fileRef = AAB125871F67A4B500C77D6A /* ShoppingCartAnimationUITests.m */; };
		AAB1259C1F67A4F400C77D6A /* ViewController.m in Sources */ = {isa = PBXBuildFile; fileRef = AAB125961F67A4F400C77D6A /* ViewController.m */; };
		AAB1259D1F67A4F400C77D6A /* wonan.jpg in Resources */ = {isa = PBXBuildFile; fileRef = AAB125971F67A4F400C77D6A /* wonan.jpg */; };
		AAB1259E1F67A4F400C77D6A /* YJShoppingCartCell.m in Sources */ = {isa = PBXBuildFile; fileRef = AAB125991F67A4F400C77D6A /* YJShoppingCartCell.m */; };
		AAB1259F1F67A4F400C77D6A /* YJShoppingCartView.m in Sources */ = {isa = PBXBuildFile; fileRef = AAB1259B1F67A4F400C77D6A /* YJShoppingCartView.m */; };
/* End PBXBuildFile section */

/* Begin PBXContainerItemProxy section */
		AAB125791F67A4B500C77D6A /* PBXContainerItemProxy */ = {
			isa = PBXContainerItemProxy;
			containerPortal = AAB125571F67A4B500C77D6A /* Project object */;
			proxyType = 1;
			remoteGlobalIDString = AAB1255E1F67A4B500C77D6A;
			remoteInfo = ShoppingCartAnimation;
		};
		AAB125841F67A4B500C77D6A /* PBXContainerItemProxy */ = {
			isa = PBXContainerItemProxy;
			containerPortal = AAB125571F67A4B500C77D6A /* Project object */;
			proxyType = 1;
			remoteGlobalIDString = AAB1255E1F67A4B500C77D6A;
			remoteInfo = ShoppingCartAnimation;
		};
/* End PBXContainerItemProxy section */

/* Begin PBXFileReference section */
		AAB1255F1F67A4B500C77D6A /* ShoppingCartAnimation.app */ = {isa = PBXFileReference; explicitFileType = wrapper.application; includeInIndex = 0; path = ShoppingCartAnimation.app; sourceTree = BUILT_PRODUCTS_DIR; };
		AAB125631F67A4B500C77D6A /* main.m */ = {isa = PBXFileReference; lastKnownFileType = sourcecode.c.objc; path = main.m; sourceTree = "<group>"; };
		AAB125651F67A4B500C77D6A /* AppDelegate.h */ = {isa = PBXFileReference; lastKnownFileType = sourcecode.c.h; path = AppDelegate.h; sourceTree = "<group>"; };
		AAB125661F67A4B500C77D6A /* AppDelegate.m */ = {isa = PBXFileReference; lastKnownFileType = sourcecode.c.objc; path = AppDelegate.m; sourceTree = "<group>"; };
		AAB1256C1F67A4B500C77D6A /* Base */ = {isa = PBXFileReference; lastKnownFileType = file.storyboard; name = Base; path = Base.lproj/Main.storyboard; sourceTree = "<group>"; };
		AAB1256E1F67A4B500C77D6A /* Assets.xcassets */ = {isa = PBXFileReference; lastKnownFileType = folder.assetcatalog; path = Assets.xcassets; sourceTree = "<group>"; };
		AAB125711F67A4B500C77D6A /* Base */ = {isa = PBXFileReference; lastKnownFileType = file.storyboard; name = Base; path = Base.lproj/LaunchScreen.storyboard; sourceTree = "<group>"; };
		AAB125731F67A4B500C77D6A /* Info.plist */ = {isa = PBXFileReference; lastKnownFileType = text.plist.xml; path = Info.plist; sourceTree = "<group>"; };
		AAB125781F67A4B500C77D6A /* ShoppingCartAnimationTests.xctest */ = {isa = PBXFileReference; explicitFileType = wrapper.cfbundle; includeInIndex = 0; path = ShoppingCartAnimationTests.xctest; sourceTree = BUILT_PRODUCTS_DIR; };
		AAB1257C1F67A4B500C77D6A /* ShoppingCartAnimationTests.m */ = {isa = PBXFileReference; lastKnownFileType = sourcecode.c.objc; path = ShoppingCartAnimationTests.m; sourceTree = "<group>"; };
		AAB1257E1F67A4B500C77D6A /* Info.plist */ = {isa = PBXFileReference; lastKnownFileType = text.plist.xml; path = Info.plist; sourceTree = "<group>"; };
		AAB125831F67A4B500C77D6A /* ShoppingCartAnimationUITests.xctest */ = {isa = PBXFileReference; explicitFileType = wrapper.cfbundle; includeInIndex = 0; path = ShoppingCartAnimationUITests.xctest; sourceTree = BUILT_PRODUCTS_DIR; };
		AAB125871F67A4B500C77D6A /* ShoppingCartAnimationUITests.m */ = {isa = PBXFileReference; lastKnownFileType = sourcecode.c.objc; path = ShoppingCartAnimationUITests.m; sourceTree = "<group>"; };
		AAB125891F67A4B500C77D6A /* Info.plist */ = {isa = PBXFileReference; lastKnownFileType = text.plist.xml; path = Info.plist; sourceTree = "<group>"; };
		AAB125951F67A4F400C77D6A /* ViewController.h */ = {isa = PBXFileReference; fileEncoding = 4; lastKnownFileType = sourcecode.c.h; path = ViewController.h; sourceTree = "<group>"; };
		AAB125961F67A4F400C77D6A /* ViewController.m */ = {isa = PBXFileReference; fileEncoding = 4; lastKnownFileType = sourcecode.c.objc; path = ViewController.m; sourceTree = "<group>"; };
		AAB125971F67A4F400C77D6A /* wonan.jpg */ = {isa = PBXFileReference; lastKnownFileType = image.jpeg; path = wonan.jpg; sourceTree = "<group>"; };
		AAB125981F67A4F400C77D6A /* YJShoppingCartCell.h */ = {isa = PBXFileReference; fileEncoding = 4; lastKnownFileType = sourcecode.c.h; path = YJShoppingCartCell.h; sourceTree = "<group>"; };
		AAB125991F67A4F400C77D6A /* YJShoppingCartCell.m */ = {isa = PBXFileReference; fileEncoding = 4; lastKnownFileType = sourcecode.c.objc; path = YJShoppingCartCell.m; sourceTree = "<group>"; };
		AAB1259A1F67A4F400C77D6A /* YJShoppingCartView.h */ = {isa = PBXFileReference; fileEncoding = 4; lastKnownFileType = sourcecode.c.h; path = YJShoppingCartView.h; sourceTree = "<group>"; };
		AAB1259B1F67A4F400C77D6A /* YJShoppingCartView.m */ = {isa = PBXFileReference; fileEncoding = 4; lastKnownFileType = sourcecode.c.objc; path = YJShoppingCartView.m; sourceTree = "<group>"; };
/* End PBXFileReference section */

/* Begin PBXFrameworksBuildPhase section */
		AAB1255C1F67A4B500C77D6A /* Frameworks */ = {
			isa = PBXFrameworksBuildPhase;
			buildActionMask = 2147483647;
			files = (
			);
			runOnlyForDeploymentPostprocessing = 0;
		};
		AAB125751F67A4B500C77D6A /* Frameworks */ = {
			isa = PBXFrameworksBuildPhase;
			buildActionMask = 2147483647;
			files = (
			);
			runOnlyForDeploymentPostprocessing = 0;
		};
		AAB125801F67A4B500C77D6A /* Frameworks */ = {
			isa = PBXFrameworksBuildPhase;
			buildActionMask = 2147483647;
			files = (
			);
			runOnlyForDeploymentPostprocessing = 0;
		};
/* End PBXFrameworksBuildPhase section */

/* Begin PBXGroup section */
		AAB125561F67A4B500C77D6A = {
			isa = PBXGroup;
			children = (
				AAB125611F67A4B500C77D6A /* ShoppingCartAnimation */,
				AAB1257B1F67A4B500C77D6A /* ShoppingCartAnimationTests */,
				AAB125861F67A4B500C77D6A /* ShoppingCartAnimationUITests */,
				AAB125601F67A4B500C77D6A /* Products */,
			);
			sourceTree = "<group>";
		};
		AAB125601F67A4B500C77D6A /* Products */ = {
			isa = PBXGroup;
			children = (
				AAB1255F1F67A4B500C77D6A /* ShoppingCartAnimation.app */,
				AAB125781F67A4B500C77D6A /* ShoppingCartAnimationTests.xctest */,
				AAB125831F67A4B500C77D6A /* ShoppingCartAnimationUITests.xctest */,
			);
			name = Products;
			sourceTree = "<group>";
		};
		AAB125611F67A4B500C77D6A /* ShoppingCartAnimation */ = {
			isa = PBXGroup;
			children = (
				AAB125651F67A4B500C77D6A /* AppDelegate.h */,
				AAB125661F67A4B500C77D6A /* AppDelegate.m */,
				AAB125951F67A4F400C77D6A /* ViewController.h */,
				AAB125961F67A4F400C77D6A /* ViewController.m */,
				AAB125971F67A4F400C77D6A /* wonan.jpg */,
				AAB125981F67A4F400C77D6A /* YJShoppingCartCell.h */,
				AAB125991F67A4F400C77D6A /* YJShoppingCartCell.m */,
				AAB1259A1F67A4F400C77D6A /* YJShoppingCartView.h */,
				AAB1259B1F67A4F400C77D6A /* YJShoppingCartView.m */,
				AAB1256B1F67A4B500C77D6A /* Main.storyboard */,
				AAB1256E1F67A4B500C77D6A /* Assets.xcassets */,
				AAB125701F67A4B500C77D6A /* LaunchScreen.storyboard */,
				AAB125731F67A4B500C77D6A /* Info.plist */,
				AAB125621F67A4B500C77D6A /* Supporting Files */,
			);
			path = ShoppingCartAnimation;
			sourceTree = "<group>";
		};
		AAB125621F67A4B500C77D6A /* Supporting Files */ = {
			isa = PBXGroup;
			children = (
				AAB125631F67A4B500C77D6A /* main.m */,
			);
			name = "Supporting Files";
			sourceTree = "<group>";
		};
		AAB1257B1F67A4B500C77D6A /* ShoppingCartAnimationTests */ = {
			isa = PBXGroup;
			children = (
				AAB1257C1F67A4B500C77D6A /* ShoppingCartAnimationTests.m */,
				AAB1257E1F67A4B500C77D6A /* Info.plist */,
			);
			path = ShoppingCartAnimationTests;
			sourceTree = "<group>";
		};
		AAB125861F67A4B500C77D6A /* ShoppingCartAnimationUITests */ = {
			isa = PBXGroup;
			children = (
				AAB125871F67A4B500C77D6A /* ShoppingCartAnimationUITests.m */,
				AAB125891F67A4B500C77D6A /* Info.plist */,
			);
			path = ShoppingCartAnimationUITests;
			sourceTree = "<group>";
		};
/* End PBXGroup section */

/* Begin PBXNativeTarget section */
		AAB1255E1F67A4B500C77D6A /* ShoppingCartAnimation */ = {
			isa = PBXNativeTarget;
			buildConfigurationList = AAB1258C1F67A4B500C77D6A /* Build configuration list for PBXNativeTarget "ShoppingCartAnimation" */;
			buildPhases = (
				AAB1255B1F67A4B500C77D6A /* Sources */,
				AAB1255C1F67A4B500C77D6A /* Frameworks */,
				AAB1255D1F67A4B500C77D6A /* Resources */,
			);
			buildRules = (
			);
			dependencies = (
			);
			name = ShoppingCartAnimation;
			productName = ShoppingCartAnimation;
			productReference = AAB1255F1F67A4B500C77D6A /* ShoppingCartAnimation.app */;
			productType = "com.apple.product-type.application";
		};
		AAB125771F67A4B500C77D6A /* ShoppingCartAnimationTests */ = {
			isa = PBXNativeTarget;
			buildConfigurationList = AAB1258F1F67A4B500C77D6A /* Build configuration list for PBXNativeTarget "ShoppingCartAnimationTests" */;
			buildPhases = (
				AAB125741F67A4B500C77D6A /* Sources */,
				AAB125751F67A4B500C77D6A /* Frameworks */,
				AAB125761F67A4B500C77D6A /* Resources */,
			);
			buildRules = (
			);
			dependencies = (
				AAB1257A1F67A4B500C77D6A /* PBXTargetDependency */,
			);
			name = ShoppingCartAnimationTests;
			productName = ShoppingCartAnimationTests;
			productReference = AAB125781F67A4B500C77D6A /* ShoppingCartAnimationTests.xctest */;
			productType = "com.apple.product-type.bundle.unit-test";
		};
		AAB125821F67A4B500C77D6A /* ShoppingCartAnimationUITests */ = {
			isa = PBXNativeTarget;
			buildConfigurationList = AAB125921F67A4B500C77D6A /* Build configuration list for PBXNativeTarget "ShoppingCartAnimationUITests" */;
			buildPhases = (
				AAB1257F1F67A4B500C77D6A /* Sources */,
				AAB125801F67A4B500C77D6A /* Frameworks */,
				AAB125811F67A4B500C77D6A /* Resources */,
			);
			buildRules = (
			);
			dependencies = (
				AAB125851F67A4B500C77D6A /* PBXTargetDependency */,
			);
			name = ShoppingCartAnimationUITests;
			productName = ShoppingCartAnimationUITests;
			productReference = AAB125831F67A4B500C77D6A /* ShoppingCartAnimationUITests.xctest */;
			productType = "com.apple.product-type.bundle.ui-testing";
		};
/* End PBXNativeTarget section */

/* Begin PBXProject section */
		AAB125571F67A4B500C77D6A /* Project object */ = {
			isa = PBXProject;
			attributes = {
				LastUpgradeCheck = 0830;
				ORGANIZATIONNAME = YJ;
				TargetAttributes = {
					AAB1255E1F67A4B500C77D6A = {
						CreatedOnToolsVersion = 8.3.3;
						ProvisioningStyle = Automatic;
					};
					AAB125771F67A4B500C77D6A = {
						CreatedOnToolsVersion = 8.3.3;
						ProvisioningStyle = Automatic;
						TestTargetID = AAB1255E1F67A4B500C77D6A;
					};
					AAB125821F67A4B500C77D6A = {
						CreatedOnToolsVersion = 8.3.3;
						ProvisioningStyle = Automatic;
						TestTargetID = AAB1255E1F67A4B500C77D6A;
					};
				};
			};
			buildConfigurationList = AAB1255A1F67A4B500C77D6A /* Build configuration list for PBXProject "ShoppingCartAnimation" */;
			compatibilityVersion = "Xcode 3.2";
			developmentRegion = English;
			hasScannedForEncodings = 0;
			knownRegions = (
				en,
				Base,
			);
			mainGroup = AAB125561F67A4B500C77D6A;
			productRefGroup = AAB125601F67A4B500C77D6A /* Products */;
			projectDirPath = "";
			projectRoot = "";
			targets = (
				AAB1255E1F67A4B500C77D6A /* ShoppingCartAnimation */,
				AAB125771F67A4B500C77D6A /* ShoppingCartAnimationTests */,
				AAB125821F67A4B500C77D6A /* ShoppingCartAnimationUITests */,
			);
		};
/* End PBXProject section */

/* Begin PBXResourcesBuildPhase section */
		AAB1255D1F67A4B500C77D6A /* Resources */ = {
			isa = PBXResourcesBuildPhase;
			buildActionMask = 2147483647;
			files = (
				AAB125721F67A4B500C77D6A /* LaunchScreen.storyboard in Resources */,
				AAB1256F1F67A4B500C77D6A /* Assets.xcassets in Resources */,
				AAB1256D1F67A4B500C77D6A /* Main.storyboard in Resources */,
				AAB1259D1F67A4F400C77D6A /* wonan.jpg in Resources */,
			);
			runOnlyForDeploymentPostprocessing = 0;
		};
		AAB125761F67A4B500C77D6A /* Resources */ = {
			isa = PBXResourcesBuildPhase;
			buildActionMask = 2147483647;
			files = (
			);
			runOnlyForDeploymentPostprocessing = 0;
		};
		AAB125811F67A4B500C77D6A /* Resources */ = {
			isa = PBXResourcesBuildPhase;
			buildActionMask = 2147483647;
			files = (
			);
			runOnlyForDeploymentPostprocessing = 0;
		};
/* End PBXResourcesBuildPhase section */

/* Begin PBXSourcesBuildPhase section */
		AAB1255B1F67A4B500C77D6A /* Sources */ = {
			isa = PBXSourcesBuildPhase;
			buildActionMask = 2147483647;
			files = (
				AAB1259E1F67A4F400C77D6A /* YJShoppingCartCell.m in Sources */,
				AAB1259C1F67A4F400C77D6A /* ViewController.m in Sources */,
				AAB1259F1F67A4F400C77D6A /* YJShoppingCartView.m in Sources */,
				AAB125671F67A4B500C77D6A /* AppDelegate.m in Sources */,
				AAB125641F67A4B500C77D6A /* main.m in Sources */,
			);
			runOnlyForDeploymentPostprocessing = 0;
		};
		AAB125741F67A4B500C77D6A /* Sources */ = {
			isa = PBXSourcesBuildPhase;
			buildActionMask = 2147483647;
			files = (
				AAB1257D1F67A4B500C77D6A /* ShoppingCartAnimationTests.m in Sources */,
			);
			runOnlyForDeploymentPostprocessing = 0;
		};
		AAB1257F1F67A4B500C77D6A /* Sources */ = {
			isa = PBXSourcesBuildPhase;
			buildActionMask = 2147483647;
			files = (
				AAB125881F67A4B500C77D6A /* ShoppingCartAnimationUITests.m in Sources */,
			);
			runOnlyForDeploymentPostprocessing = 0;
		};
/* End PBXSourcesBuildPhase section */

/* Begin PBXTargetDependency section */
		AAB1257A1F67A4B500C77D6A /* PBXTargetDependency */ = {
			isa = PBXTargetDependency;
			target = AAB1255E1F67A4B500C77D6A /* ShoppingCartAnimation */;
			targetProxy = AAB125791F67A4B500C77D6A /* PBXContainerItemProxy */;
		};
		AAB125851F67A4B500C77D6A /* PBXTargetDependency */ = {
			isa = PBXTargetDependency;
			target = AAB1255E1F67A4B500C77D6A /* ShoppingCartAnimation */;
			targetProxy = AAB125841F67A4B500C77D6A /* PBXContainerItemProxy */;
		};
/* End PBXTargetDependency section */

/* Begin PBXVariantGroup section */
		AAB1256B1F67A4B500C77D6A /* Main.storyboard */ = {
			isa = PBXVariantGroup;
			children = (
				AAB1256C1F67A4B500C77D6A /* Base */,
			);
			name = Main.storyboard;
			sourceTree = "<group>";
		};
		AAB125701F67A4B500C77D6A /* LaunchScreen.storyboard */ = {
			isa = PBXVariantGroup;
			children = (
				AAB125711F67A4B500C77D6A /* Base */,
			);
			name = LaunchScreen.storyboard;
			sourceTree = "<group>";
		};
/* End PBXVariantGroup section */

/* Begin XCBuildConfiguration section */
		AAB1258A1F67A4B500C77D6A /* Debug */ = {
			isa = XCBuildConfiguration;
			buildSettings = {
				ALWAYS_SEARCH_USER_PATHS = NO;
				CLANG_ANALYZER_NONNULL = YES;
				CLANG_ANALYZER_NUMBER_OBJECT_CONVERSION = YES_AGGRESSIVE;
				CLANG_CXX_LANGUAGE_STANDARD = "gnu++0x";
				CLANG_CXX_LIBRARY = "libc++";
				CLANG_ENABLE_MODULES = YES;
				CLANG_ENABLE_OBJC_ARC = YES;
				CLANG_WARN_BOOL_CONVERSION = YES;
				CLANG_WARN_CONSTANT_CONVERSION = YES;
				CLANG_WARN_DIRECT_OBJC_ISA_USAGE = YES_ERROR;
				CLANG_WARN_DOCUMENTATION_COMMENTS = YES;
				CLANG_WARN_EMPTY_BODY = YES;
				CLANG_WARN_ENUM_CONVERSION = YES;
				CLANG_WARN_INFINITE_RECURSION = YES;
				CLANG_WARN_INT_CONVERSION = YES;
				CLANG_WARN_OBJC_ROOT_CLASS = YES_ERROR;
				CLANG_WARN_SUSPICIOUS_MOVE = YES;
				CLANG_WARN_UNREACHABLE_CODE = YES;
				CLANG_WARN__DUPLICATE_METHOD_MATCH = YES;
				"CODE_SIGN_IDENTITY[sdk=iphoneos*]" = "iPhone Developer";
				COPY_PHASE_STRIP = NO;
				DEBUG_INFORMATION_FORMAT = dwarf;
				ENABLE_STRICT_OBJC_MSGSEND = YES;
				ENABLE_TESTABILITY = YES;
				GCC_C_LANGUAGE_STANDARD = gnu99;
				GCC_DYNAMIC_NO_PIC = NO;
				GCC_NO_COMMON_BLOCKS = YES;
				GCC_OPTIMIZATION_LEVEL = 0;
				GCC_PREPROCESSOR_DEFINITIONS = (
					"DEBUG=1",
					"$(inherited)",
				);
				GCC_WARN_64_TO_32_BIT_CONVERSION = YES;
				GCC_WARN_ABOUT_RETURN_TYPE = YES_ERROR;
				GCC_WARN_UNDECLARED_SELECTOR = YES;
				GCC_WARN_UNINITIALIZED_AUTOS = YES_AGGRESSIVE;
				GCC_WARN_UNUSED_FUNCTION = YES;
				GCC_WARN_UNUSED_VARIABLE = YES;
				IPHONEOS_DEPLOYMENT_TARGET = 10.3;
				MTL_ENABLE_DEBUG_INFO = YES;
				ONLY_ACTIVE_ARCH = YES;
				SDKROOT = iphoneos;
				TARGETED_DEVICE_FAMILY = "1,2";
			};
			name = Debug;
		};
		AAB1258B1F67A4B500C77D6A /* Release */ = {
			isa = XCBuildConfiguration;
			buildSettings = {
				ALWAYS_SEARCH_USER_PATHS = NO;
				CLANG_ANALYZER_NONNULL = YES;
				CLANG_ANALYZER_NUMBER_OBJECT_CONVERSION = YES_AGGRESSIVE;
				CLANG_CXX_LANGUAGE_STANDARD = "gnu++0x";
				CLANG_CXX_LIBRARY = "libc++";
				CLANG_ENABLE_MODULES = YES;
				CLANG_ENABLE_OBJC_ARC = YES;
				CLANG_WARN_BOOL_CONVERSION = YES;
				CLANG_WARN_CONSTANT_CONVERSION = YES;
				CLANG_WARN_DIRECT_OBJC_ISA_USAGE = YES_ERROR;
				CLANG_WARN_DOCUMENTATION_COMMENTS = YES;
				CLANG_WARN_EMPTY_BODY = YES;
				CLANG_WARN_ENUM_CONVERSION = YES;
				CLANG_WARN_INFINITE_RECURSION = YES;
				CLANG_WARN_INT_CONVERSION = YES;
				CLANG_WARN_OBJC_ROOT_CLASS = YES_ERROR;
				CLANG_WARN_SUSPICIOUS_MOVE = YES;
				CLANG_WARN_UNREACHABLE_CODE = YES;
				CLANG_WARN__DUPLICATE_METHOD_MATCH = YES;
				"CODE_SIGN_IDENTITY[sdk=iphoneos*]" = "iPhone Developer";
				COPY_PHASE_STRIP = NO;
				DEBUG_INFORMATION_FORMAT = "dwarf-with-dsym";
				ENABLE_NS_ASSERTIONS = NO;
				ENABLE_STRICT_OBJC_MSGSEND = YES;
				GCC_C_LANGUAGE_STANDARD = gnu99;
				GCC_NO_COMMON_BLOCKS = YES;
				GCC_WARN_64_TO_32_BIT_CONVERSION = YES;
				GCC_WARN_ABOUT_RETURN_TYPE = YES_ERROR;
				GCC_WARN_UNDECLARED_SELECTOR = YES;
				GCC_WARN_UNINITIALIZED_AUTOS = YES_AGGRESSIVE;
				GCC_WARN_UNUSED_FUNCTION = YES;
				GCC_WARN_UNUSED_VARIABLE = YES;
				IPHONEOS_DEPLOYMENT_TARGET = 10.3;
				MTL_ENABLE_DEBUG_INFO = NO;
				SDKROOT = iphoneos;
				TARGETED_DEVICE_FAMILY = "1,2";
				VALIDATE_PRODUCT = YES;
			};
			name = Release;
		};
		AAB1258D1F67A4B500C77D6A /* Debug */ = {
			isa = XCBuildConfiguration;
			buildSettings = {
				ASSETCATALOG_COMPILER_APPICON_NAME = AppIcon;
				INFOPLIST_FILE = ShoppingCartAnimation/Info.plist;
				LD_RUNPATH_SEARCH_PATHS = "$(inherited) @executable_path/Frameworks";
				PRODUCT_BUNDLE_IDENTIFIER = YJ.ShoppingCartAnimation;
				PRODUCT_NAME = "$(TARGET_NAME)";
			};
			name = Debug;
		};
		AAB1258E1F67A4B500C77D6A /* Release */ = {
			isa = XCBuildConfiguration;
			buildSettings = {
				ASSETCATALOG_COMPILER_APPICON_NAME = AppIcon;
				INFOPLIST_FILE = ShoppingCartAnimation/Info.plist;
				LD_RUNPATH_SEARCH_PATHS = "$(inherited) @executable_path/Frameworks";
				PRODUCT_BUNDLE_IDENTIFIER = YJ.ShoppingCartAnimation;
				PRODUCT_NAME = "$(TARGET_NAME)";
			};
			name = Release;
		};
		AAB125901F67A4B500C77D6A /* Debug */ = {
			isa = XCBuildConfiguration;
			buildSettings = {
				BUNDLE_LOADER = "$(TEST_HOST)";
				INFOPLIST_FILE = ShoppingCartAnimationTests/Info.plist;
				LD_RUNPATH_SEARCH_PATHS = "$(inherited) @executable_path/Frameworks @loader_path/Frameworks";
				PRODUCT_BUNDLE_IDENTIFIER = YJ.ShoppingCartAnimationTests;
				PRODUCT_NAME = "$(TARGET_NAME)";
				TEST_HOST = "$(BUILT_PRODUCTS_DIR)/ShoppingCartAnimation.app/ShoppingCartAnimation";
			};
			name = Debug;
		};
		AAB125911F67A4B500C77D6A /* Release */ = {
			isa = XCBuildConfiguration;
			buildSettings = {
				BUNDLE_LOADER = "$(TEST_HOST)";
				INFOPLIST_FILE = ShoppingCartAnimationTests/Info.plist;
				LD_RUNPATH_SEARCH_PATHS = "$(inherited) @executable_path/Frameworks @loader_path/Frameworks";
				PRODUCT_BUNDLE_IDENTIFIER = YJ.ShoppingCartAnimationTests;
				PRODUCT_NAME = "$(TARGET_NAME)";
				TEST_HOST = "$(BUILT_PRODUCTS_DIR)/ShoppingCartAnimation.app/ShoppingCartAnimation";
			};
			name = Release;
		};
		AAB125931F67A4B500C77D6A /* Debug */ = {
			isa = XCBuildConfiguration;
			buildSettings = {
				INFOPLIST_FILE = ShoppingCartAnimationUITests/Info.plist;
				LD_RUNPATH_SEARCH_PATHS = "$(inherited) @executable_path/Frameworks @loader_path/Frameworks";
				PRODUCT_BUNDLE_IDENTIFIER = YJ.ShoppingCartAnimationUITests;
				PRODUCT_NAME = "$(TARGET_NAME)";
				TEST_TARGET_NAME = ShoppingCartAnimation;
			};
			name = Debug;
		};
		AAB125941F67A4B500C77D6A /* Release */ = {
			isa = XCBuildConfiguration;
			buildSettings = {
				INFOPLIST_FILE = ShoppingCartAnimationUITests/Info.plist;
				LD_RUNPATH_SEARCH_PATHS = "$(inherited) @executable_path/Frameworks @loader_path/Frameworks";
				PRODUCT_BUNDLE_IDENTIFIER = YJ.ShoppingCartAnimationUITests;
				PRODUCT_NAME = "$(TARGET_NAME)";
				TEST_TARGET_NAME = ShoppingCartAnimation;
			};
			name = Release;
		};
/* End XCBuildConfiguration section */

/* Begin XCConfigurationList section */
		AAB1255A1F67A4B500C77D6A /* Build configuration list for PBXProject "ShoppingCartAnimation" */ = {
			isa = XCConfigurationList;
			buildConfigurations = (
				AAB1258A1F67A4B500C77D6A /* Debug */,
				AAB1258B1F67A4B500C77D6A /* Release */,
			);
			defaultConfigurationIsVisible = 0;
			defaultConfigurationName = Release;
		};
		AAB1258C1F67A4B500C77D6A /* Build configuration list for PBXNativeTarget "ShoppingCartAnimation" */ = {
			isa = XCConfigurationList;
			buildConfigurations = (
				AAB1258D1F67A4B500C77D6A /* Debug */,
				AAB1258E1F67A4B500C77D6A /* Release */,
			);
			defaultConfigurationIsVisible = 0;
		};
		AAB1258F1F67A4B500C77D6A /* Build configuration list for PBXNativeTarget "ShoppingCartAnimationTests" */ = {
			isa = XCConfigurationList;
			buildConfigurations = (
				AAB125901F67A4B500C77D6A /* Debug */,
				AAB125911F67A4B500C77D6A /* Release */,
			);
			defaultConfigurationIsVisible = 0;
		};
		AAB125921F67A4B500C77D6A /* Build configuration list for PBXNativeTarget "ShoppingCartAnimationUITests" */ = {
			isa = XCConfigurationList;
			buildConfigurations = (
				AAB125931F67A4B500C77D6A /* Debug */,
				AAB125941F67A4B500C77D6A /* Release */,
			);
			defaultConfigurationIsVisible = 0;
		};
/* End XCConfigurationList section */
	};
	rootObject = AAB125571F67A4B500C77D6A /* Project object */;
}
